<?xml version="1.0" encoding="utf-8"?>
<Project ToolsVersion="4.0" xmlns="http://schemas.microsoft.com/developer/msbuild/2003">
  <ItemGroup>
    <Filter Include="Source Files">
      <UniqueIdentifier>{4FC737F1-C7A5-4376-A066-2A32D752A2FF}</UniqueIdentifier>
      <Extensions>cpp;c;cc;cxx;c++;cppm;ixx;def;odl;idl;hpj;bat;asm;asmx</Extensions>
    </Filter>
    <Filter Include="Header Files">
      <UniqueIdentifier>{93995380-89BD-4b04-88EB-625FBE52EBFB}</UniqueIdentifier>
      <Extensions>h;hh;hpp;hxx;h++;hm;inl;inc;ipp;xsd</Extensions>
    </Filter>
    <Filter Include="Resource Files">
      <UniqueIdentifier>{67DA6AB6-F800-4c08-8B7A-83BB121AAD01}</UniqueIdentifier>
      <Extensions>rc;ico;cur;bmp;dlg;rc2;rct;bin;rgs;gif;jpg;jpeg;jpe;resx;tiff;tif;png;wav;mfcribbon-ms</Extensions>
    </Filter>
    <Filter Include="Source Files\Assets">
      <UniqueIdentifier>{69dc1526-92fc-4c12-847e-9f574384459f}</UniqueIdentifier>
    </Filter>
    <Filter Include="Source Files\Average4k">
      <UniqueIdentifier>{176b08cb-98e0-4f35-a5f1-5a9dfb16afa5}</UniqueIdentifier>
    </Filter>
    <Filter Include="Source Files\Average4k\Structs">
      <UniqueIdentifier>{316e8891-43e1-4ee5-8474-059a4a11bbf7}</UniqueIdentifier>
    </Filter>
    <Filter Include="Source Files\Average4k\Structs\Chart">
      <UniqueIdentifier>{16627269-c2b1-47aa-965a-f4cb02e8a001}</UniqueIdentifier>
    </Filter>
    <Filter Include="Source Files\Average4k\Structs\Chart\ChartParsers">
      <UniqueIdentifier>{ae5ecdf7-ada5-4c04-9520-2415da6bf42d}</UniqueIdentifier>
    </Filter>
    <Filter Include="Source Files\Average4k\Structs\Chart\ChartParsers\SM">
      <UniqueIdentifier>{dffb58e5-349c-4796-8bcb-dc2e6e5adee4}</UniqueIdentifier>
    </Filter>
    <Filter Include="Source Files\Average4k\Structs\Chart\ChartParsers\Quaver">
      <UniqueIdentifier>{ad949f2e-57d2-404b-b8ed-34d441bfcd18}</UniqueIdentifier>
    </Filter>
    <Filter Include="Source Files\Average4k\Screens">
      <UniqueIdentifier>{af1f5bdf-f698-477e-a1be-21eec5a29f7f}</UniqueIdentifier>
    </Filter>
    <Filter Include="Source Files\Average4k\Screens\Menus">
      <UniqueIdentifier>{b6301c7e-c15d-47b0-9c20-2cf7d2e2a121}</UniqueIdentifier>
    </Filter>
    <Filter Include="Source Files\Average4k\Screens\Menus\Gaming">
      <UniqueIdentifier>{9abdccc3-ddcf-4104-aef0-b111accd722f}</UniqueIdentifier>
    </Filter>
    <Filter Include="Source Files\Average4k\Screens\Menus\MultiplayerMenus">
      <UniqueIdentifier>{c51bd9e1-36a3-4e04-a8eb-bf0319857a06}</UniqueIdentifier>
    </Filter>
    <Filter Include="Source Files\Average4k\Utils">
      <UniqueIdentifier>{8e3496b2-b21e-429b-97b7-d896efd24794}</UniqueIdentifier>
    </Filter>
    <Filter Include="Source Files\Average4k\Multiplayer">
      <UniqueIdentifier>{b3de5d8a-7cb5-4837-baf0-8db05e4f51f8}</UniqueIdentifier>
    </Filter>
    <Filter Include="Source Files\Average4k\Multiplayer\Packets">
      <UniqueIdentifier>{ee75d285-db1d-4a97-993f-44f4bdd2dfa2}</UniqueIdentifier>
    </Filter>
    <Filter Include="Source Files\Average4k\Multiplayer\Packets\Client">
      <UniqueIdentifier>{ff794bf5-423d-480f-9527-0ed7e748e146}</UniqueIdentifier>
    </Filter>
    <Filter Include="Source Files\Average4k\Multiplayer\Packets\Server">
      <UniqueIdentifier>{484f4ac6-8737-48c2-a66b-0c44979b41f5}</UniqueIdentifier>
    </Filter>
    <Filter Include="Source Files\Average4k\Utils\Settings">
      <UniqueIdentifier>{242663df-b141-4d30-90c7-2d5c3960b8ab}</UniqueIdentifier>
    </Filter>
    <Filter Include="Source Files\Average4k\Utils\Steam">
      <UniqueIdentifier>{0c8d56f0-d2fa-41a8-af33-fa371439f959}</UniqueIdentifier>
    </Filter>
    <Filter Include="Source Files\Average4k\Objects">
      <UniqueIdentifier>{04e96f39-8ba8-41e9-b7ae-3826ee032126}</UniqueIdentifier>
    </Filter>
    <Filter Include="Source Files\Average4k\Objects\Renderers">
      <UniqueIdentifier>{62171a5d-b7ec-42fd-896a-251a818642c8}</UniqueIdentifier>
    </Filter>
    <Filter Include="Source Files\Average4k\Objects\UIObjects">
      <UniqueIdentifier>{32ad7e70-1c57-4b41-a225-9067bab9f56a}</UniqueIdentifier>
    </Filter>
    <Filter Include="FontStuff">
      <UniqueIdentifier>{6db03054-40d0-435e-96a0-29bcf631f0c3}</UniqueIdentifier>
    </Filter>
    <Filter Include="Source Files\Average4k\Utils\Easing">
      <UniqueIdentifier>{a80dd974-cb76-43db-8b73-3070d4c3a31f}</UniqueIdentifier>
    </Filter>
    <Filter Include="Source Files\Average4k\Utils\Tweening">
      <UniqueIdentifier>{63e1e72e-90df-4eb9-8e8d-6da62c350621}</UniqueIdentifier>
    </Filter>
    <Filter Include="Source Files\Average4k\Lua">
      <UniqueIdentifier>{369d31f2-f1c2-45ea-893a-70ecafbb473a}</UniqueIdentifier>
    </Filter>
    <Filter Include="Source Files\Average4k\Screens\Menus\CreatingShit">
      <UniqueIdentifier>{631c23dd-33ca-4ce2-8468-9b13b08da477}</UniqueIdentifier>
    </Filter>
    <Filter Include="Source Files\Average4k\Sound">
      <UniqueIdentifier>{55a80bb6-cf7a-467d-91c0-a285bc8abe7a}</UniqueIdentifier>
    </Filter>
    <Filter Include="Source Files\OpenGL">
      <UniqueIdentifier>{7503560c-4a06-41f7-9c05-583099daf937}</UniqueIdentifier>
    </Filter>
    <Filter Include="Source Files\OpenGL\Renderer">
      <UniqueIdentifier>{c74006df-4e09-47ce-9588-b10851a7111c}</UniqueIdentifier>
    </Filter>
    <Filter Include="FontStuff\lib">
      <UniqueIdentifier>{8f707079-2bf9-4451-8c60-ea650b9c420e}</UniqueIdentifier>
    </Filter>
    <Filter Include="imgui">
      <UniqueIdentifier>{5cca7c23-cfd9-40c7-8409-494c9de8907c}</UniqueIdentifier>
    </Filter>
    <Filter Include="MiniBPM">
      <UniqueIdentifier>{b169299e-1ada-413a-a2dd-4c8058e38004}</UniqueIdentifier>
    </Filter>
    <Filter Include="Audio">
      <UniqueIdentifier>{48364d92-56cb-4d9a-948f-c8ee79d20b5a}</UniqueIdentifier>
    </Filter>
    <Filter Include="Source Files\Average4k\Structs\Chart\Pack">
      <UniqueIdentifier>{f6150430-8318-434a-b7e7-daf0a3b0686f}</UniqueIdentifier>
    </Filter>
    <Filter Include="Discord">
      <UniqueIdentifier>{68c4428a-874b-4cb2-b23e-4401301214cc}</UniqueIdentifier>
    </Filter>
    <Filter Include="Source Files\Average4k\Structs\Chart\ChartParsers\Osu">
      <UniqueIdentifier>{67f1f103-ecb9-478a-8b31-fdce7c7864b6}</UniqueIdentifier>
    </Filter>
  </ItemGroup>
  <ItemGroup>
    <ClCompile Include="Average4k.cpp">
      <Filter>Source Files</Filter>
    </ClCompile>
    <ClCompile Include="Game.cpp">
      <Filter>Source Files</Filter>
    </ClCompile>
    <ClCompile Include="Camera.cpp">
      <Filter>Source Files</Filter>
    </ClCompile>
    <ClCompile Include="Object.cpp">
      <Filter>Source Files</Filter>
    </ClCompile>
    <ClCompile Include="Text.cpp">
      <Filter>Source Files\Average4k\Objects</Filter>
    </ClCompile>
    <ClCompile Include="SMFile.cpp">
      <Filter>Source Files\Average4k\Structs\Chart\ChartParsers\SM</Filter>
    </ClCompile>
    <ClCompile Include="Noteskin.cpp">
      <Filter>Source Files\Assets</Filter>
    </ClCompile>
    <ClCompile Include="Judge.cpp">
      <Filter>Source Files</Filter>
    </ClCompile>
    <ClCompile Include="NoteObject.cpp">
      <Filter>Source Files\Average4k\Objects\Renderers</Filter>
    </ClCompile>
    <ClCompile Include="SaveFile.cpp">
      <Filter>Source Files\Average4k\Utils\Settings</Filter>
    </ClCompile>
    <ClCompile Include="Chart.cpp">
      <Filter>Source Files\Average4k\Structs\Chart</Filter>
    </ClCompile>
    <ClCompile Include="Steam.cpp">
      <Filter>Source Files\Average4k\Utils\Steam</Filter>
    </ClCompile>
    <ClCompile Include="Multiplayer.cpp">
      <Filter>Source Files\Average4k\Multiplayer</Filter>
    </ClCompile>
    <ClCompile Include="QuaverFile.cpp">
      <Filter>Source Files\Average4k\Structs\Chart\ChartParsers\Quaver</Filter>
    </ClCompile>
    <ClCompile Include="Gameplay.cpp">
      <Filter>Source Files\Average4k\Screens\Menus\Gaming</Filter>
    </ClCompile>
    <ClCompile Include="MainMenu.cpp">
      <Filter>Source Files\Average4k\Screens\Menus\Gaming</Filter>
    </ClCompile>
    <ClCompile Include="MultiplayerLobby.cpp">
      <Filter>Source Files\Average4k\Screens\Menus\MultiplayerMenus</Filter>
    </ClCompile>
    <ClCompile Include="MultiplayerLobbies.cpp">
      <Filter>Source Files\Average4k\Screens\Menus\MultiplayerMenus</Filter>
    </ClCompile>
    <ClCompile Include="pch.cpp">
      <Filter>Source Files</Filter>
    </ClCompile>
    <ClCompile Include="SongSelect.cpp">
      <Filter>Source Files\Average4k\Screens\Menus\Gaming</Filter>
    </ClCompile>
    <ClCompile Include="ReceptorObject.cpp">
      <Filter>Source Files\Average4k\Objects\Renderers</Filter>
    </ClCompile>
    <ClCompile Include="Easing.cpp">
      <Filter>Source Files\Average4k\Utils\Easing</Filter>
    </ClCompile>
    <ClCompile Include="TweenManager.cpp">
      <Filter>Source Files\Average4k\Utils\Tweening</Filter>
    </ClCompile>
    <ClCompile Include="MenuCreator.cpp">
      <Filter>Source Files\Average4k\Screens\Menus\CreatingShit</Filter>
    </ClCompile>
    <ClCompile Include="SDL2_gfxPrimitives.c">
      <Filter>Source Files</Filter>
    </ClCompile>
    <ClCompile Include="SoundManager.cpp">
      <Filter>Source Files\Average4k\Sound</Filter>
    </ClCompile>
    <ClCompile Include="GL.cpp">
      <Filter>Source Files\OpenGL</Filter>
    </ClCompile>
    <ClCompile Include="Texture.cpp">
      <Filter>Source Files\OpenGL\Renderer</Filter>
    </ClCompile>
    <ClCompile Include="glad.c">
      <Filter>Source Files\OpenGL</Filter>
    </ClCompile>
    <ClCompile Include="Rendering.cpp">
      <Filter>Source Files\OpenGL\Renderer</Filter>
    </ClCompile>
    <ClCompile Include="stbi.cpp">
      <Filter>Source Files</Filter>
    </ClCompile>
    <ClCompile Include="AvgGroup.cpp">
      <Filter>Source Files\Average4k\Objects\UIObjects</Filter>
    </ClCompile>
    <ClCompile Include="AvgCamera.cpp">
      <Filter>Source Files\Average4k\Objects\UIObjects</Filter>
    </ClCompile>
    <ClCompile Include="ChatObject.cpp">
      <Filter>Source Files\Average4k\Objects\UIObjects</Filter>
    </ClCompile>
    <ClCompile Include="FONT\SDL_ttf.c">
      <Filter>FontStuff\lib</Filter>
    </ClCompile>
    <ClCompile Include="FuckinEditor.cpp">
      <Filter>Source Files\Average4k\Screens\Menus\Gaming</Filter>
    </ClCompile>
    <ClCompile Include="imgui.cpp">
      <Filter>imgui</Filter>
    </ClCompile>
    <ClCompile Include="imgui_widgets.cpp">
      <Filter>imgui</Filter>
    </ClCompile>
    <ClCompile Include="imgui_impl_sdl.cpp">
      <Filter>imgui</Filter>
    </ClCompile>
    <ClCompile Include="imgui_demo.cpp">
      <Filter>imgui</Filter>
    </ClCompile>
    <ClCompile Include="imgui_draw.cpp">
      <Filter>imgui</Filter>
    </ClCompile>
    <ClCompile Include="imgui_tables.cpp">
      <Filter>imgui</Filter>
    </ClCompile>
    <ClCompile Include="imgui_impl_opengl3.cpp">
      <Filter>imgui</Filter>
    </ClCompile>
    <ClCompile Include="ImGuiFileDialog.cpp">
      <Filter>imgui</Filter>
    </ClCompile>
    <ClCompile Include="MiniBpm.cpp">
      <Filter>MiniBPM</Filter>
    </ClCompile>
    <ClCompile Include="StartMenu.cpp">
      <Filter>Source Files\Average4k\Screens\Menus\Gaming</Filter>
    </ClCompile>
    <ClCompile Include="MainerMenu.cpp">
      <Filter>Source Files\Average4k\Screens\Menus\Gaming</Filter>
    </ClCompile>
    <ClCompile Include="Pack.cpp">
      <Filter>Source Files\Average4k\Structs\Chart\Pack</Filter>
    </ClCompile>
    <ClCompile Include="AvgContainer.cpp">
      <Filter>Source Files\Average4k\Objects\UIObjects</Filter>
    </ClCompile>
    <ClCompile Include="discord_sdk\achievement_manager.cpp">
      <Filter>Discord</Filter>
    </ClCompile>
    <ClCompile Include="discord_sdk\activity_manager.cpp">
      <Filter>Discord</Filter>
    </ClCompile>
    <ClCompile Include="discord_sdk\application_manager.cpp">
      <Filter>Discord</Filter>
    </ClCompile>
    <ClCompile Include="discord_sdk\core.cpp">
      <Filter>Discord</Filter>
    </ClCompile>
    <ClCompile Include="discord_sdk\image_manager.cpp">
      <Filter>Discord</Filter>
    </ClCompile>
    <ClCompile Include="discord_sdk\lobby_manager.cpp">
      <Filter>Discord</Filter>
    </ClCompile>
    <ClCompile Include="discord_sdk\network_manager.cpp">
      <Filter>Discord</Filter>
    </ClCompile>
    <ClCompile Include="discord_sdk\overlay_manager.cpp">
      <Filter>Discord</Filter>
    </ClCompile>
    <ClCompile Include="discord_sdk\relationship_manager.cpp">
      <Filter>Discord</Filter>
    </ClCompile>
    <ClCompile Include="discord_sdk\storage_manager.cpp">
      <Filter>Discord</Filter>
    </ClCompile>
    <ClCompile Include="discord_sdk\store_manager.cpp">
      <Filter>Discord</Filter>
    </ClCompile>
    <ClCompile Include="discord_sdk\types.cpp">
      <Filter>Discord</Filter>
    </ClCompile>
    <ClCompile Include="discord_sdk\user_manager.cpp">
      <Filter>Discord</Filter>
    </ClCompile>
    <ClCompile Include="discord_sdk\voice_manager.cpp">
      <Filter>Discord</Filter>
    </ClCompile>
    <ClCompile Include="VerticesTest.cpp">
      <Filter>Source Files\Average4k\Screens\Menus\Gaming</Filter>
    </ClCompile>
  </ItemGroup>
  <ItemGroup>
    <ClInclude Include="includes.h">
      <Filter>Header Files</Filter>
    </ClInclude>
    <ClInclude Include="Game.h">
      <Filter>Header Files</Filter>
    </ClInclude>
    <ClInclude Include="Menu.h">
      <Filter>Header Files</Filter>
    </ClInclude>
    <ClInclude Include="Camera.h">
      <Filter>Header Files</Filter>
    </ClInclude>
    <ClInclude Include="Text.h">
      <Filter>Source Files\Average4k\Objects</Filter>
    </ClInclude>
    <ClInclude Include="SMFile.h">
      <Filter>Source Files\Average4k\Structs\Chart\ChartParsers\SM</Filter>
    </ClInclude>
    <ClInclude Include="Noteskin.h">
      <Filter>Source Files\Assets</Filter>
    </ClInclude>
    <ClInclude Include="Judge.h">
      <Filter>Header Files</Filter>
    </ClInclude>
    <ClInclude Include="NoteObject.h">
      <Filter>Source Files\Average4k\Objects\Renderers</Filter>
    </ClInclude>
    <ClInclude Include="SaveFile.h">
      <Filter>Source Files\Average4k\Utils\Settings</Filter>
    </ClInclude>
    <ClInclude Include="Chart.h">
      <Filter>Source Files\Average4k\Structs\Chart</Filter>
    </ClInclude>
    <ClInclude Include="Steam.h">
      <Filter>Source Files\Average4k\Utils\Steam</Filter>
    </ClInclude>
    <ClInclude Include="Multiplayer.h">
      <Filter>Source Files\Average4k\Multiplayer</Filter>
    </ClInclude>
    <ClInclude Include="Object.h">
      <Filter>Header Files</Filter>
    </ClInclude>
    <ClInclude Include="CPacketChartAcquired.h">
      <Filter>Source Files\Average4k\Multiplayer\Packets\Client</Filter>
    </ClInclude>
    <ClInclude Include="Packet.h">
      <Filter>Source Files\Average4k\Multiplayer\Packets</Filter>
    </ClInclude>
    <ClInclude Include="CPacketHello.h">
      <Filter>Source Files\Average4k\Multiplayer\Packets\Client</Filter>
    </ClInclude>
    <ClInclude Include="CPacketHostChangeChart.h">
      <Filter>Source Files\Average4k\Multiplayer\Packets\Client</Filter>
    </ClInclude>
    <ClInclude Include="CPacketHostServer.h">
      <Filter>Source Files\Average4k\Multiplayer\Packets\Client</Filter>
    </ClInclude>
    <ClInclude Include="CPacketHostStartGame.h">
      <Filter>Source Files\Average4k\Multiplayer\Packets\Client</Filter>
    </ClInclude>
    <ClInclude Include="CPacketJoinServer.h">
      <Filter>Source Files\Average4k\Multiplayer\Packets\Client</Filter>
    </ClInclude>
    <ClInclude Include="CPacketNoteHit.h">
      <Filter>Source Files\Average4k\Multiplayer\Packets\Client</Filter>
    </ClInclude>
    <ClInclude Include="CPacketServerList.h">
      <Filter>Source Files\Average4k\Multiplayer\Packets\Client</Filter>
    </ClInclude>
    <ClInclude Include="CPacketSongFinished.h">
      <Filter>Source Files\Average4k\Multiplayer\Packets\Client</Filter>
    </ClInclude>
    <ClInclude Include="SPacketHello.h">
      <Filter>Source Files\Average4k\Multiplayer\Packets\Server</Filter>
    </ClInclude>
    <ClInclude Include="SPacketFinalizeChart.h">
      <Filter>Source Files\Average4k\Multiplayer\Packets\Server</Filter>
    </ClInclude>
    <ClInclude Include="SPacketHostServerReply.h">
      <Filter>Source Files\Average4k\Multiplayer\Packets\Server</Filter>
    </ClInclude>
    <ClInclude Include="SPacketInvalidPacket.h">
      <Filter>Source Files\Average4k\Multiplayer\Packets\Server</Filter>
    </ClInclude>
    <ClInclude Include="SPacketJoinServerReply.h">
      <Filter>Source Files\Average4k\Multiplayer\Packets\Server</Filter>
    </ClInclude>
    <ClInclude Include="SPacketServerListReply.h">
      <Filter>Source Files\Average4k\Multiplayer\Packets\Server</Filter>
    </ClInclude>
    <ClInclude Include="SPacketStartLobbyGame.h">
      <Filter>Source Files\Average4k\Multiplayer\Packets\Server</Filter>
    </ClInclude>
    <ClInclude Include="SPacketStatus.h">
      <Filter>Source Files\Average4k\Multiplayer\Packets\Server</Filter>
    </ClInclude>
    <ClInclude Include="SPacketUpdateLeaderboard.h">
      <Filter>Source Files\Average4k\Multiplayer\Packets\Server</Filter>
    </ClInclude>
    <ClInclude Include="SPacketUpdateLobbyChart.h">
      <Filter>Source Files\Average4k\Multiplayer\Packets\Server</Filter>
    </ClInclude>
    <ClInclude Include="SPacketUpdateLobbyData.h">
      <Filter>Source Files\Average4k\Multiplayer\Packets\Server</Filter>
    </ClInclude>
    <ClInclude Include="Base64.h">
      <Filter>Header Files</Filter>
    </ClInclude>
    <ClInclude Include="CPacketStatus.h">
      <Filter>Source Files\Average4k\Multiplayer\Packets\Client</Filter>
    </ClInclude>
    <ClInclude Include="QuaverFile.h">
      <Filter>Source Files\Average4k\Structs\Chart\ChartParsers\Quaver</Filter>
    </ClInclude>
    <ClInclude Include="Gameplay.h">
      <Filter>Source Files\Average4k\Screens\Menus\Gaming</Filter>
    </ClInclude>
    <ClInclude Include="MainMenu.h">
      <Filter>Source Files\Average4k\Screens\Menus\Gaming</Filter>
    </ClInclude>
    <ClInclude Include="MultiplayerLobby.h">
      <Filter>Source Files\Average4k\Screens\Menus\MultiplayerMenus</Filter>
    </ClInclude>
    <ClInclude Include="MultiplayerLobbies.h">
      <Filter>Source Files\Average4k\Screens\Menus\MultiplayerMenus</Filter>
    </ClInclude>
    <ClInclude Include="Lobby.h">
      <Filter>Source Files\Average4k\Multiplayer\Packets</Filter>
    </ClInclude>
    <ClInclude Include="pch.h">
      <Filter>Header Files</Filter>
    </ClInclude>
    <ClInclude Include="CPacketWtfAmIn.h">
      <Filter>Source Files\Average4k\Multiplayer\Packets\Client</Filter>
    </ClInclude>
    <ClInclude Include="SPacketWtfAmInReply.h">
      <Filter>Source Files\Average4k\Multiplayer\Packets\Server</Filter>
    </ClInclude>
    <ClInclude Include="CPacketLeave.h">
      <Filter>Source Files\Average4k\Multiplayer\Packets\Client</Filter>
    </ClInclude>
    <ClInclude Include="SPacketPlayerSongFinished.h">
      <Filter>Source Files\Average4k\Multiplayer\Packets\Server</Filter>
    </ClInclude>
    <ClInclude Include="SongSelect.h">
      <Filter>Source Files\Average4k\Screens\Menus\Gaming</Filter>
    </ClInclude>
    <ClInclude Include="AvgSprite.h">
      <Filter>Source Files\Average4k\Objects\UIObjects</Filter>
    </ClInclude>
    <ClInclude Include="Font.h">
      <Filter>FontStuff</Filter>
    </ClInclude>
    <ClInclude Include="ReceptorObject.h">
      <Filter>Source Files\Average4k\Objects\Renderers</Filter>
    </ClInclude>
    <ClInclude Include="CPacketHostUpdateLobby.h">
      <Filter>Source Files\Average4k\Multiplayer\Packets\Client</Filter>
    </ClInclude>
    <ClInclude Include="CPacketHostEndChart.h">
      <Filter>Source Files\Average4k\Multiplayer\Packets\Client</Filter>
    </ClInclude>
    <ClInclude Include="Easing.h">
      <Filter>Source Files\Average4k\Utils\Easing</Filter>
    </ClInclude>
    <ClInclude Include="TweenManager.h">
      <Filter>Source Files\Average4k\Utils\Tweening</Filter>
    </ClInclude>
    <ClInclude Include="AvgRect.h">
      <Filter>Source Files\Average4k\Objects\UIObjects</Filter>
    </ClInclude>
    <ClInclude Include="luaaa.h">
      <Filter>Header Files</Filter>
    </ClInclude>
    <ClInclude Include="AvgLua.h">
      <Filter>Source Files\Average4k\Lua</Filter>
    </ClInclude>
    <ClInclude Include="MenuCreator.h">
      <Filter>Source Files\Average4k\Screens\Menus\CreatingShit</Filter>
    </ClInclude>
    <ClInclude Include="CPacketRequestAvatar.h">
      <Filter>Source Files\Average4k\Multiplayer\Packets\Client</Filter>
    </ClInclude>
    <ClInclude Include="SPacketAvatarRequestResponse.h">
      <Filter>Source Files\Average4k\Multiplayer\Packets\Server</Filter>
    </ClInclude>
    <ClInclude Include="resource.h">
      <Filter>Header Files</Filter>
    </ClInclude>
    <ClInclude Include="AvgButton.h">
      <Filter>Source Files\Average4k\Objects\UIObjects</Filter>
    </ClInclude>
    <ClInclude Include="SoundManager.h">
      <Filter>Source Files\Average4k\Sound</Filter>
    </ClInclude>
    <ClInclude Include="GL.h">
      <Filter>Source Files\OpenGL</Filter>
    </ClInclude>
    <ClInclude Include="Texture.h">
      <Filter>Source Files\OpenGL\Renderer</Filter>
    </ClInclude>
    <ClInclude Include="Rendering.h">
      <Filter>Source Files\OpenGL\Renderer</Filter>
    </ClInclude>
    <ClInclude Include="Shader.h">
      <Filter>Source Files\OpenGL\Renderer</Filter>
    </ClInclude>
    <ClInclude Include="stbi.h">
      <Filter>Header Files</Filter>
    </ClInclude>
    <ClInclude Include="AvgGroup.h">
      <Filter>Source Files\Average4k\Objects\UIObjects</Filter>
    </ClInclude>
    <ClInclude Include="AvgCamera.h">
      <Filter>Source Files\Average4k\Objects\UIObjects</Filter>
    </ClInclude>
    <ClInclude Include="CPacketSendMessage.h">
      <Filter>Source Files\Average4k\Multiplayer\Packets\Client</Filter>
    </ClInclude>
    <ClInclude Include="SPacketOnChat.h">
      <Filter>Source Files\Average4k\Multiplayer\Packets\Server</Filter>
    </ClInclude>
    <ClInclude Include="ChatObject.h">
      <Filter>Source Files\Average4k\Objects\UIObjects</Filter>
    </ClInclude>
    <ClInclude Include="FONT\SDL_ttf.h">
      <Filter>FontStuff\lib</Filter>
    </ClInclude>
    <ClInclude Include="FuckinEditor.h">
      <Filter>Source Files\Average4k\Screens\Menus\Gaming</Filter>
    </ClInclude>
    <ClInclude Include="imconfig.h">
      <Filter>imgui</Filter>
    </ClInclude>
    <ClInclude Include="imgui.h">
      <Filter>imgui</Filter>
    </ClInclude>
    <ClInclude Include="imgui_internal.h">
      <Filter>imgui</Filter>
    </ClInclude>
    <ClInclude Include="imstb_rectpack.h">
      <Filter>imgui</Filter>
    </ClInclude>
    <ClInclude Include="imstb_textedit.h">
      <Filter>imgui</Filter>
    </ClInclude>
    <ClInclude Include="imstb_truetype.h">
      <Filter>imgui</Filter>
    </ClInclude>
    <ClInclude Include="imgui_impl_sdl.h">
      <Filter>imgui</Filter>
    </ClInclude>
    <ClInclude Include="imgui_impl_opengl3.h">
      <Filter>imgui</Filter>
    </ClInclude>
    <ClInclude Include="imgui_impl_opengl3_loader.h">
      <Filter>imgui</Filter>
    </ClInclude>
    <ClInclude Include="ImGuiFileDialog.h">
      <Filter>imgui</Filter>
    </ClInclude>
    <ClInclude Include="MiniBpm.h">
      <Filter>MiniBPM</Filter>
    </ClInclude>
    <ClInclude Include="dr_mp3.h">
      <Filter>Audio</Filter>
    </ClInclude>
    <ClInclude Include="SoundBackend.h">
      <Filter>Source Files\Average4k\Sound</Filter>
    </ClInclude>
    <ClInclude Include="StartMenu.h">
      <Filter>Source Files\Average4k\Screens\Menus\Gaming</Filter>
    </ClInclude>
    <ClInclude Include="MainerMenu.h">
      <Filter>Source Files\Average4k\Screens\Menus\Gaming</Filter>
    </ClInclude>
    <ClInclude Include="AvgContainer.h">
      <Filter>Source Files\Average4k\Objects\UIObjects</Filter>
    </ClInclude>
    <ClInclude Include="Pack.h">
      <Filter>Source Files\Average4k\Structs\Chart\Pack</Filter>
    </ClInclude>
    <ClInclude Include="AvgTextBox.h">
      <Filter>Source Files\Average4k\Objects\UIObjects</Filter>
    </ClInclude>
    <ClInclude Include="AvgCheckBox.h">
      <Filter>Source Files\Average4k\Objects\UIObjects</Filter>
    </ClInclude>
    <ClInclude Include="AvgDropDown.h">
      <Filter>Source Files\Average4k\Objects\UIObjects</Filter>
    </ClInclude>
    <ClInclude Include="AvgWheel.h">
      <Filter>Source Files\Average4k\Objects\UIObjects</Filter>
    </ClInclude>
    <ClInclude Include="log_stream.h">
      <Filter>Source Files\Average4k\Utils</Filter>
    </ClInclude>
    <ClInclude Include="SPacketFuckYou.h">
      <Filter>Source Files\Average4k\Multiplayer\Packets\Server</Filter>
    </ClInclude>
    <ClInclude Include="SPacketUpdateEncryptionParameters.h">
      <Filter>Source Files\Average4k\Multiplayer\Packets\Server</Filter>
    </ClInclude>
    <ClInclude Include="discord_sdk\achievement_manager.h">
      <Filter>Discord</Filter>
    </ClInclude>
    <ClInclude Include="discord_sdk\activity_manager.h">
      <Filter>Discord</Filter>
    </ClInclude>
    <ClInclude Include="discord_sdk\application_manager.h">
      <Filter>Discord</Filter>
    </ClInclude>
    <ClInclude Include="discord_sdk\core.h">
      <Filter>Discord</Filter>
    </ClInclude>
    <ClInclude Include="discord_sdk\discord.h">
      <Filter>Discord</Filter>
    </ClInclude>
    <ClInclude Include="discord_sdk\event.h">
      <Filter>Discord</Filter>
    </ClInclude>
    <ClInclude Include="discord_sdk\ffi.h">
      <Filter>Discord</Filter>
    </ClInclude>
    <ClInclude Include="discord_sdk\image_manager.h">
      <Filter>Discord</Filter>
    </ClInclude>
    <ClInclude Include="discord_sdk\lobby_manager.h">
      <Filter>Discord</Filter>
    </ClInclude>
    <ClInclude Include="discord_sdk\network_manager.h">
      <Filter>Discord</Filter>
    </ClInclude>
    <ClInclude Include="discord_sdk\overlay_manager.h">
      <Filter>Discord</Filter>
    </ClInclude>
    <ClInclude Include="discord_sdk\relationship_manager.h">
      <Filter>Discord</Filter>
    </ClInclude>
    <ClInclude Include="discord_sdk\storage_manager.h">
      <Filter>Discord</Filter>
    </ClInclude>
    <ClInclude Include="discord_sdk\store_manager.h">
      <Filter>Discord</Filter>
    </ClInclude>
    <ClInclude Include="discord_sdk\types.h">
      <Filter>Discord</Filter>
    </ClInclude>
    <ClInclude Include="discord_sdk\user_manager.h">
      <Filter>Discord</Filter>
    </ClInclude>
    <ClInclude Include="discord_sdk\voice_manager.h">
      <Filter>Discord</Filter>
    </ClInclude>
    <ClInclude Include="VerticesTest.h">
      <Filter>Source Files\Average4k\Screens\Menus\Gaming</Filter>
    </ClInclude>
    <ClInclude Include="Helpers.h">
      <Filter>Source Files\Average4k\Utils</Filter>
    </ClInclude>
  </ItemGroup>
  <ItemGroup>
    <ResourceCompile Include="Average4k.rc">
      <Filter>Resource Files</Filter>
    </ResourceCompile>
  </ItemGroup>
  <ItemGroup>
    <Image Include="icon.ico">
      <Filter>Resource Files</Filter>
    </Image>
    <Image Include="icon2.ico">
      <Filter>Resource Files</Filter>
    </Image>
  </ItemGroup>
</Project>